// !$*UTF8*$!
{
	archiveVersion = 1;
	classes = {
	};
	objectVersion = 56;
	objects = {

/* Begin PBXBuildFile section */
		BC085F042AFA763A002EE49A /* ChatroomRowView.swift in Sources */ = {isa = PBXBuildFile; fileRef = BC085F032AFA763A002EE49A /* ChatroomRowView.swift */; };
		BC085F062AFBCBFE002EE49A /* ChatroomDetailView.swift in Sources */ = {isa = PBXBuildFile; fileRef = BC085F052AFBCBFE002EE49A /* ChatroomDetailView.swift */; };
		BC0CAF1A2B7077B00069EBC0 /* SecureStorage.swift in Sources */ = {isa = PBXBuildFile; fileRef = BC0CAF192B7077B00069EBC0 /* SecureStorage.swift */; };
		BC0CAF1D2B7476000069EBC0 /* AuthGrpcInterceptor.swift in Sources */ = {isa = PBXBuildFile; fileRef = BC0CAF1C2B7476000069EBC0 /* AuthGrpcInterceptor.swift */; };
		BC5613602B7BA4A90067600E /* ChatroomsObservable.swift in Sources */ = {isa = PBXBuildFile; fileRef = BC56135F2B7BA4A90067600E /* ChatroomsObservable.swift */; };
		BC73DB192AAC0A880094C471 /* chatupApp.swift in Sources */ = {isa = PBXBuildFile; fileRef = BC73DB182AAC0A880094C471 /* chatupApp.swift */; };
		BC73DB1B2AAC0A880094C471 /* ContentView.swift in Sources */ = {isa = PBXBuildFile; fileRef = BC73DB1A2AAC0A880094C471 /* ContentView.swift */; };
		BC73DB1D2AAC0A880094C471 /* Assets.xcassets in Resources */ = {isa = PBXBuildFile; fileRef = BC73DB1C2AAC0A880094C471 /* Assets.xcassets */; };
		BC73DB202AAC0A880094C471 /* Preview Assets.xcassets in Resources */ = {isa = PBXBuildFile; fileRef = BC73DB1F2AAC0A880094C471 /* Preview Assets.xcassets */; };
		BC73DB2A2AAC0A880094C471 /* chatupTests.swift in Sources */ = {isa = PBXBuildFile; fileRef = BC73DB292AAC0A880094C471 /* chatupTests.swift */; };
		BC73DB342AAC0A880094C471 /* chatupUITests.swift in Sources */ = {isa = PBXBuildFile; fileRef = BC73DB332AAC0A880094C471 /* chatupUITests.swift */; };
		BC73DB362AAC0A880094C471 /* chatupUITestsLaunchTests.swift in Sources */ = {isa = PBXBuildFile; fileRef = BC73DB352AAC0A880094C471 /* chatupUITestsLaunchTests.swift */; };
		BC86243B2AAD08AB000EEFE6 /* ChatroomListView.swift in Sources */ = {isa = PBXBuildFile; fileRef = BC86243A2AAD08AB000EEFE6 /* ChatroomListView.swift */; };
		BCC6A4582B6D4C05008F2CA7 /* CGRPCZlib in Frameworks */ = {isa = PBXBuildFile; productRef = BCC6A4572B6D4C05008F2CA7 /* CGRPCZlib */; };
		BCC6A45A2B6D4C05008F2CA7 /* GRPC in Frameworks */ = {isa = PBXBuildFile; productRef = BCC6A4592B6D4C05008F2CA7 /* GRPC */; };
		BCC6A45C2B6D4C05008F2CA7 /* GRPCReflectionService in Frameworks */ = {isa = PBXBuildFile; productRef = BCC6A45B2B6D4C05008F2CA7 /* GRPCReflectionService */; };
		BCC6A45E2B6D4C05008F2CA7 /* _GRPCCore in Frameworks */ = {isa = PBXBuildFile; productRef = BCC6A45D2B6D4C05008F2CA7 /* _GRPCCore */; };
		BCC6A4602B6D4C05008F2CA7 /* protoc-gen-grpc-swift in Frameworks */ = {isa = PBXBuildFile; productRef = BCC6A45F2B6D4C05008F2CA7 /* protoc-gen-grpc-swift */; };
		BCC6A4652B6D555E008F2CA7 /* chatup.grpc.swift in Sources */ = {isa = PBXBuildFile; fileRef = BCC6A4642B6D555E008F2CA7 /* chatup.grpc.swift */; };
		BCC6A4672B6D57AA008F2CA7 /* chatup.pb.swift in Sources */ = {isa = PBXBuildFile; fileRef = BCC6A4662B6D57AA008F2CA7 /* chatup.pb.swift */; };
		BCC6A4692B6D5985008F2CA7 /* user.pb.swift in Sources */ = {isa = PBXBuildFile; fileRef = BCC6A4682B6D5985008F2CA7 /* user.pb.swift */; };
		BCC6A46B2B6D63C3008F2CA7 /* Makefile in Sources */ = {isa = PBXBuildFile; fileRef = BCC6A46A2B6D63C3008F2CA7 /* Makefile */; };
		BCC6A46E2B6D99CA008F2CA7 /* AddChatroomView.swift in Sources */ = {isa = PBXBuildFile; fileRef = BCC6A46D2B6D99CA008F2CA7 /* AddChatroomView.swift */; };
		BCC6A4702B6DA488008F2CA7 /* MessageInputView.swift in Sources */ = {isa = PBXBuildFile; fileRef = BCC6A46F2B6DA488008F2CA7 /* MessageInputView.swift */; };
		BCC6A4722B6DD7E9008F2CA7 /* GoogleService-Info.plist in Resources */ = {isa = PBXBuildFile; fileRef = BCC6A4712B6DD7E9008F2CA7 /* GoogleService-Info.plist */; };
		BCD1DA652B6DFC7600CE261C /* FirebaseAuth in Frameworks */ = {isa = PBXBuildFile; productRef = BCD1DA642B6DFC7600CE261C /* FirebaseAuth */; };
		BCD1DA672B6E99C900CE261C /* UserSignInView.swift in Sources */ = {isa = PBXBuildFile; fileRef = BCD1DA662B6E99C900CE261C /* UserSignInView.swift */; };
/* End PBXBuildFile section */

/* Begin PBXContainerItemProxy section */
		BC73DB262AAC0A880094C471 /* PBXContainerItemProxy */ = {
			isa = PBXContainerItemProxy;
			containerPortal = BC73DB0D2AAC0A880094C471 /* Project object */;
			proxyType = 1;
			remoteGlobalIDString = BC73DB142AAC0A880094C471;
			remoteInfo = chatup;
		};
		BC73DB302AAC0A880094C471 /* PBXContainerItemProxy */ = {
			isa = PBXContainerItemProxy;
			containerPortal = BC73DB0D2AAC0A880094C471 /* Project object */;
			proxyType = 1;
			remoteGlobalIDString = BC73DB142AAC0A880094C471;
			remoteInfo = chatup;
		};
/* End PBXContainerItemProxy section */

/* Begin PBXFileReference section */
		BC085F032AFA763A002EE49A /* ChatroomRowView.swift */ = {isa = PBXFileReference; lastKnownFileType = sourcecode.swift; path = ChatroomRowView.swift; sourceTree = "<group>"; };
		BC085F052AFBCBFE002EE49A /* ChatroomDetailView.swift */ = {isa = PBXFileReference; lastKnownFileType = sourcecode.swift; path = ChatroomDetailView.swift; sourceTree = "<group>"; };
		BC0CAF192B7077B00069EBC0 /* SecureStorage.swift */ = {isa = PBXFileReference; lastKnownFileType = sourcecode.swift; path = SecureStorage.swift; sourceTree = "<group>"; };
		BC0CAF1C2B7476000069EBC0 /* AuthGrpcInterceptor.swift */ = {isa = PBXFileReference; lastKnownFileType = sourcecode.swift; path = AuthGrpcInterceptor.swift; sourceTree = "<group>"; };
		BC56135F2B7BA4A90067600E /* ChatroomsObservable.swift */ = {isa = PBXFileReference; lastKnownFileType = sourcecode.swift; path = ChatroomsObservable.swift; sourceTree = "<group>"; };
		BC73DB152AAC0A880094C471 /* chatup.app */ = {isa = PBXFileReference; explicitFileType = wrapper.application; includeInIndex = 0; path = chatup.app; sourceTree = BUILT_PRODUCTS_DIR; };
		BC73DB182AAC0A880094C471 /* chatupApp.swift */ = {isa = PBXFileReference; lastKnownFileType = sourcecode.swift; path = chatupApp.swift; sourceTree = "<group>"; };
		BC73DB1A2AAC0A880094C471 /* ContentView.swift */ = {isa = PBXFileReference; lastKnownFileType = sourcecode.swift; path = ContentView.swift; sourceTree = "<group>"; };
		BC73DB1C2AAC0A880094C471 /* Assets.xcassets */ = {isa = PBXFileReference; lastKnownFileType = folder.assetcatalog; path = Assets.xcassets; sourceTree = "<group>"; };
		BC73DB1F2AAC0A880094C471 /* Preview Assets.xcassets */ = {isa = PBXFileReference; lastKnownFileType = folder.assetcatalog; path = "Preview Assets.xcassets"; sourceTree = "<group>"; };
		BC73DB252AAC0A880094C471 /* chatupTests.xctest */ = {isa = PBXFileReference; explicitFileType = wrapper.cfbundle; includeInIndex = 0; path = chatupTests.xctest; sourceTree = BUILT_PRODUCTS_DIR; };
		BC73DB292AAC0A880094C471 /* chatupTests.swift */ = {isa = PBXFileReference; lastKnownFileType = sourcecode.swift; path = chatupTests.swift; sourceTree = "<group>"; };
		BC73DB2F2AAC0A880094C471 /* chatupUITests.xctest */ = {isa = PBXFileReference; explicitFileType = wrapper.cfbundle; includeInIndex = 0; path = chatupUITests.xctest; sourceTree = BUILT_PRODUCTS_DIR; };
		BC73DB332AAC0A880094C471 /* chatupUITests.swift */ = {isa = PBXFileReference; lastKnownFileType = sourcecode.swift; path = chatupUITests.swift; sourceTree = "<group>"; };
		BC73DB352AAC0A880094C471 /* chatupUITestsLaunchTests.swift */ = {isa = PBXFileReference; lastKnownFileType = sourcecode.swift; path = chatupUITestsLaunchTests.swift; sourceTree = "<group>"; };
		BC86243A2AAD08AB000EEFE6 /* ChatroomListView.swift */ = {isa = PBXFileReference; lastKnownFileType = sourcecode.swift; path = ChatroomListView.swift; sourceTree = "<group>"; };
		BCC6A4642B6D555E008F2CA7 /* chatup.grpc.swift */ = {isa = PBXFileReference; fileEncoding = 4; lastKnownFileType = sourcecode.swift; path = chatup.grpc.swift; sourceTree = "<group>"; };
		BCC6A4662B6D57AA008F2CA7 /* chatup.pb.swift */ = {isa = PBXFileReference; fileEncoding = 4; lastKnownFileType = sourcecode.swift; path = chatup.pb.swift; sourceTree = "<group>"; };
		BCC6A4682B6D5985008F2CA7 /* user.pb.swift */ = {isa = PBXFileReference; fileEncoding = 4; lastKnownFileType = sourcecode.swift; path = user.pb.swift; sourceTree = "<group>"; };
		BCC6A46A2B6D63C3008F2CA7 /* Makefile */ = {isa = PBXFileReference; fileEncoding = 4; lastKnownFileType = sourcecode.make; path = Makefile; sourceTree = "<group>"; };
		BCC6A46C2B6D80E0008F2CA7 /* Info.plist */ = {isa = PBXFileReference; lastKnownFileType = text.plist; path = Info.plist; sourceTree = "<group>"; };
		BCC6A46D2B6D99CA008F2CA7 /* AddChatroomView.swift */ = {isa = PBXFileReference; lastKnownFileType = sourcecode.swift; path = AddChatroomView.swift; sourceTree = "<group>"; };
		BCC6A46F2B6DA488008F2CA7 /* MessageInputView.swift */ = {isa = PBXFileReference; lastKnownFileType = sourcecode.swift; path = MessageInputView.swift; sourceTree = "<group>"; };
		BCC6A4712B6DD7E9008F2CA7 /* GoogleService-Info.plist */ = {isa = PBXFileReference; fileEncoding = 4; lastKnownFileType = text.plist.xml; path = "GoogleService-Info.plist"; sourceTree = "<group>"; };
		BCD1DA662B6E99C900CE261C /* UserSignInView.swift */ = {isa = PBXFileReference; lastKnownFileType = sourcecode.swift; path = UserSignInView.swift; sourceTree = "<group>"; };
/* End PBXFileReference section */

/* Begin PBXFrameworksBuildPhase section */
		BC73DB122AAC0A880094C471 /* Frameworks */ = {
			isa = PBXFrameworksBuildPhase;
			buildActionMask = 2147483647;
			files = (
				BCC6A45C2B6D4C05008F2CA7 /* GRPCReflectionService in Frameworks */,
				BCD1DA652B6DFC7600CE261C /* FirebaseAuth in Frameworks */,
				BCC6A45E2B6D4C05008F2CA7 /* _GRPCCore in Frameworks */,
				BCC6A45A2B6D4C05008F2CA7 /* GRPC in Frameworks */,
				BCC6A4582B6D4C05008F2CA7 /* CGRPCZlib in Frameworks */,
				BCC6A4602B6D4C05008F2CA7 /* protoc-gen-grpc-swift in Frameworks */,
			);
			runOnlyForDeploymentPostprocessing = 0;
		};
		BC73DB222AAC0A880094C471 /* Frameworks */ = {
			isa = PBXFrameworksBuildPhase;
			buildActionMask = 2147483647;
			files = (
			);
			runOnlyForDeploymentPostprocessing = 0;
		};
		BC73DB2C2AAC0A880094C471 /* Frameworks */ = {
			isa = PBXFrameworksBuildPhase;
			buildActionMask = 2147483647;
			files = (
			);
			runOnlyForDeploymentPostprocessing = 0;
		};
/* End PBXFrameworksBuildPhase section */

/* Begin PBXGroup section */
		BC0CAF1B2B7475760069EBC0 /* Views */ = {
			isa = PBXGroup;
			children = (
				BC73DB1A2AAC0A880094C471 /* ContentView.swift */,
				BCD1DA662B6E99C900CE261C /* UserSignInView.swift */,
				BC86243A2AAD08AB000EEFE6 /* ChatroomListView.swift */,
				BC085F032AFA763A002EE49A /* ChatroomRowView.swift */,
				BC085F052AFBCBFE002EE49A /* ChatroomDetailView.swift */,
				BCC6A46D2B6D99CA008F2CA7 /* AddChatroomView.swift */,
				BCC6A46F2B6DA488008F2CA7 /* MessageInputView.swift */,
			);
			path = Views;
			sourceTree = "<group>";
		};
		BC73DB0C2AAC0A880094C471 = {
			isa = PBXGroup;
			children = (
				BCC6A46A2B6D63C3008F2CA7 /* Makefile */,
				BCC6A4612B6D54E2008F2CA7 /* protobufs */,
				BC73DB172AAC0A880094C471 /* chatup */,
				BC73DB282AAC0A880094C471 /* chatupTests */,
				BC73DB322AAC0A880094C471 /* chatupUITests */,
				BC73DB162AAC0A880094C471 /* Products */,
			);
			sourceTree = "<group>";
		};
		BC73DB162AAC0A880094C471 /* Products */ = {
			isa = PBXGroup;
			children = (
				BC73DB152AAC0A880094C471 /* chatup.app */,
				BC73DB252AAC0A880094C471 /* chatupTests.xctest */,
				BC73DB2F2AAC0A880094C471 /* chatupUITests.xctest */,
			);
			name = Products;
			sourceTree = "<group>";
		};
		BC73DB172AAC0A880094C471 /* chatup */ = {
			isa = PBXGroup;
			children = (
				BC0CAF1B2B7475760069EBC0 /* Views */,
				BCC6A4712B6DD7E9008F2CA7 /* GoogleService-Info.plist */,
				BCC6A46C2B6D80E0008F2CA7 /* Info.plist */,
				BC73DB182AAC0A880094C471 /* chatupApp.swift */,
				BC73DB1C2AAC0A880094C471 /* Assets.xcassets */,
				BC73DB1E2AAC0A880094C471 /* Preview Content */,
				BC0CAF192B7077B00069EBC0 /* SecureStorage.swift */,
				BC0CAF1C2B7476000069EBC0 /* AuthGrpcInterceptor.swift */,
				BC56135F2B7BA4A90067600E /* ChatroomsObservable.swift */,
			);
			path = chatup;
			sourceTree = "<group>";
		};
		BC73DB1E2AAC0A880094C471 /* Preview Content */ = {
			isa = PBXGroup;
			children = (
				BC73DB1F2AAC0A880094C471 /* Preview Assets.xcassets */,
			);
			path = "Preview Content";
			sourceTree = "<group>";
		};
		BC73DB282AAC0A880094C471 /* chatupTests */ = {
			isa = PBXGroup;
			children = (
				BC73DB292AAC0A880094C471 /* chatupTests.swift */,
			);
			path = chatupTests;
			sourceTree = "<group>";
		};
		BC73DB322AAC0A880094C471 /* chatupUITests */ = {
			isa = PBXGroup;
			children = (
				BC73DB332AAC0A880094C471 /* chatupUITests.swift */,
				BC73DB352AAC0A880094C471 /* chatupUITestsLaunchTests.swift */,
			);
			path = chatupUITests;
			sourceTree = "<group>";
		};
		BCC6A4612B6D54E2008F2CA7 /* protobufs */ = {
			isa = PBXGroup;
			children = (
				BCC6A4682B6D5985008F2CA7 /* user.pb.swift */,
				BCC6A4662B6D57AA008F2CA7 /* chatup.pb.swift */,
				BCC6A4642B6D555E008F2CA7 /* chatup.grpc.swift */,
			);
			path = protobufs;
			sourceTree = "<group>";
		};
/* End PBXGroup section */

/* Begin PBXNativeTarget section */
		BC73DB142AAC0A880094C471 /* chatup */ = {
			isa = PBXNativeTarget;
			buildConfigurationList = BC73DB392AAC0A880094C471 /* Build configuration list for PBXNativeTarget "chatup" */;
			buildPhases = (
				BC73DB112AAC0A880094C471 /* Sources */,
				BC73DB122AAC0A880094C471 /* Frameworks */,
				BC73DB132AAC0A880094C471 /* Resources */,
			);
			buildRules = (
			);
			dependencies = (
			);
			name = chatup;
			packageProductDependencies = (
				BCC6A4572B6D4C05008F2CA7 /* CGRPCZlib */,
				BCC6A4592B6D4C05008F2CA7 /* GRPC */,
				BCC6A45B2B6D4C05008F2CA7 /* GRPCReflectionService */,
				BCC6A45D2B6D4C05008F2CA7 /* _GRPCCore */,
				BCC6A45F2B6D4C05008F2CA7 /* protoc-gen-grpc-swift */,
				BCD1DA642B6DFC7600CE261C /* FirebaseAuth */,
			);
			productName = chatup;
			productReference = BC73DB152AAC0A880094C471 /* chatup.app */;
			productType = "com.apple.product-type.application";
		};
		BC73DB242AAC0A880094C471 /* chatupTests */ = {
			isa = PBXNativeTarget;
			buildConfigurationList = BC73DB3C2AAC0A880094C471 /* Build configuration list for PBXNativeTarget "chatupTests" */;
			buildPhases = (
				BC73DB212AAC0A880094C471 /* Sources */,
				BC73DB222AAC0A880094C471 /* Frameworks */,
				BC73DB232AAC0A880094C471 /* Resources */,
			);
			buildRules = (
			);
			dependencies = (
				BC73DB272AAC0A880094C471 /* PBXTargetDependency */,
			);
			name = chatupTests;
			productName = chatupTests;
			productReference = BC73DB252AAC0A880094C471 /* chatupTests.xctest */;
			productType = "com.apple.product-type.bundle.unit-test";
		};
		BC73DB2E2AAC0A880094C471 /* chatupUITests */ = {
			isa = PBXNativeTarget;
			buildConfigurationList = BC73DB3F2AAC0A880094C471 /* Build configuration list for PBXNativeTarget "chatupUITests" */;
			buildPhases = (
				BC73DB2B2AAC0A880094C471 /* Sources */,
				BC73DB2C2AAC0A880094C471 /* Frameworks */,
				BC73DB2D2AAC0A880094C471 /* Resources */,
			);
			buildRules = (
			);
			dependencies = (
				BC73DB312AAC0A880094C471 /* PBXTargetDependency */,
			);
			name = chatupUITests;
			productName = chatupUITests;
			productReference = BC73DB2F2AAC0A880094C471 /* chatupUITests.xctest */;
			productType = "com.apple.product-type.bundle.ui-testing";
		};
/* End PBXNativeTarget section */

/* Begin PBXProject section */
		BC73DB0D2AAC0A880094C471 /* Project object */ = {
			isa = PBXProject;
			attributes = {
				BuildIndependentTargetsInParallel = 1;
				LastSwiftUpdateCheck = 1430;
				LastUpgradeCheck = 1500;
				TargetAttributes = {
					BC73DB142AAC0A880094C471 = {
						CreatedOnToolsVersion = 14.3.1;
					};
					BC73DB242AAC0A880094C471 = {
						CreatedOnToolsVersion = 14.3.1;
						TestTargetID = BC73DB142AAC0A880094C471;
					};
					BC73DB2E2AAC0A880094C471 = {
						CreatedOnToolsVersion = 14.3.1;
						TestTargetID = BC73DB142AAC0A880094C471;
					};
				};
			};
			buildConfigurationList = BC73DB102AAC0A880094C471 /* Build configuration list for PBXProject "chatup" */;
			compatibilityVersion = "Xcode 14.0";
			developmentRegion = en;
			hasScannedForEncodings = 0;
			knownRegions = (
				en,
				Base,
			);
			mainGroup = BC73DB0C2AAC0A880094C471;
			packageReferences = (
				BCC6A4562B6D4C04008F2CA7 /* XCRemoteSwiftPackageReference "grpc-swift" */,
				BCD1DA632B6DFC7600CE261C /* XCRemoteSwiftPackageReference "firebase-ios-sdk" */,
			);
			productRefGroup = BC73DB162AAC0A880094C471 /* Products */;
			projectDirPath = "";
			projectRoot = "";
			targets = (
				BC73DB142AAC0A880094C471 /* chatup */,
				BC73DB242AAC0A880094C471 /* chatupTests */,
				BC73DB2E2AAC0A880094C471 /* chatupUITests */,
			);
		};
/* End PBXProject section */

/* Begin PBXResourcesBuildPhase section */
		BC73DB132AAC0A880094C471 /* Resources */ = {
			isa = PBXResourcesBuildPhase;
			buildActionMask = 2147483647;
			files = (
				BC73DB202AAC0A880094C471 /* Preview Assets.xcassets in Resources */,
				BC73DB1D2AAC0A880094C471 /* Assets.xcassets in Resources */,
				BCC6A4722B6DD7E9008F2CA7 /* GoogleService-Info.plist in Resources */,
			);
			runOnlyForDeploymentPostprocessing = 0;
		};
		BC73DB232AAC0A880094C471 /* Resources */ = {
			isa = PBXResourcesBuildPhase;
			buildActionMask = 2147483647;
			files = (
			);
			runOnlyForDeploymentPostprocessing = 0;
		};
		BC73DB2D2AAC0A880094C471 /* Resources */ = {
			isa = PBXResourcesBuildPhase;
			buildActionMask = 2147483647;
			files = (
			);
			runOnlyForDeploymentPostprocessing = 0;
		};
/* End PBXResourcesBuildPhase section */

/* Begin PBXSourcesBuildPhase section */
		BC73DB112AAC0A880094C471 /* Sources */ = {
			isa = PBXSourcesBuildPhase;
			buildActionMask = 2147483647;
			files = (
				BCC6A46B2B6D63C3008F2CA7 /* Makefile in Sources */,
				BC085F042AFA763A002EE49A /* ChatroomRowView.swift in Sources */,
				BC73DB1B2AAC0A880094C471 /* ContentView.swift in Sources */,
				BC86243B2AAD08AB000EEFE6 /* ChatroomListView.swift in Sources */,
				BC0CAF1A2B7077B00069EBC0 /* SecureStorage.swift in Sources */,
				BC5613602B7BA4A90067600E /* ChatroomsObservable.swift in Sources */,
				BC085F062AFBCBFE002EE49A /* ChatroomDetailView.swift in Sources */,
				BCD1DA672B6E99C900CE261C /* UserSignInView.swift in Sources */,
				BC0CAF1D2B7476000069EBC0 /* AuthGrpcInterceptor.swift in Sources */,
				BC73DB192AAC0A880094C471 /* chatupApp.swift in Sources */,
				BCC6A4652B6D555E008F2CA7 /* chatup.grpc.swift in Sources */,
				BCC6A46E2B6D99CA008F2CA7 /* AddChatroomView.swift in Sources */,
				BCC6A4672B6D57AA008F2CA7 /* chatup.pb.swift in Sources */,
				BCC6A4702B6DA488008F2CA7 /* MessageInputView.swift in Sources */,
				BCC6A4692B6D5985008F2CA7 /* user.pb.swift in Sources */,
			);
			runOnlyForDeploymentPostprocessing = 0;
		};
		BC73DB212AAC0A880094C471 /* Sources */ = {
			isa = PBXSourcesBuildPhase;
			buildActionMask = 2147483647;
			files = (
				BC73DB2A2AAC0A880094C471 /* chatupTests.swift in Sources */,
			);
			runOnlyForDeploymentPostprocessing = 0;
		};
		BC73DB2B2AAC0A880094C471 /* Sources */ = {
			isa = PBXSourcesBuildPhase;
			buildActionMask = 2147483647;
			files = (
				BC73DB342AAC0A880094C471 /* chatupUITests.swift in Sources */,
				BC73DB362AAC0A880094C471 /* chatupUITestsLaunchTests.swift in Sources */,
			);
			runOnlyForDeploymentPostprocessing = 0;
		};
/* End PBXSourcesBuildPhase section */

/* Begin PBXTargetDependency section */
		BC73DB272AAC0A880094C471 /* PBXTargetDependency */ = {
			isa = PBXTargetDependency;
			target = BC73DB142AAC0A880094C471 /* chatup */;
			targetProxy = BC73DB262AAC0A880094C471 /* PBXContainerItemProxy */;
		};
		BC73DB312AAC0A880094C471 /* PBXTargetDependency */ = {
			isa = PBXTargetDependency;
			target = BC73DB142AAC0A880094C471 /* chatup */;
			targetProxy = BC73DB302AAC0A880094C471 /* PBXContainerItemProxy */;
		};
/* End PBXTargetDependency section */

/* Begin XCBuildConfiguration section */
		BC73DB372AAC0A880094C471 /* Debug */ = {
			isa = XCBuildConfiguration;
			buildSettings = {
				ALWAYS_SEARCH_USER_PATHS = NO;
				CLANG_ANALYZER_NONNULL = YES;
				CLANG_ANALYZER_NUMBER_OBJECT_CONVERSION = YES_AGGRESSIVE;
				CLANG_CXX_LANGUAGE_STANDARD = "gnu++20";
				CLANG_ENABLE_MODULES = YES;
				CLANG_ENABLE_OBJC_ARC = YES;
				CLANG_ENABLE_OBJC_WEAK = YES;
				CLANG_WARN_BLOCK_CAPTURE_AUTORELEASING = YES;
				CLANG_WARN_BOOL_CONVERSION = YES;
				CLANG_WARN_COMMA = YES;
				CLANG_WARN_CONSTANT_CONVERSION = YES;
				CLANG_WARN_DEPRECATED_OBJC_IMPLEMENTATIONS = YES;
				CLANG_WARN_DIRECT_OBJC_ISA_USAGE = YES_ERROR;
				CLANG_WARN_DOCUMENTATION_COMMENTS = YES;
				CLANG_WARN_EMPTY_BODY = YES;
				CLANG_WARN_ENUM_CONVERSION = YES;
				CLANG_WARN_INFINITE_RECURSION = YES;
				CLANG_WARN_INT_CONVERSION = YES;
				CLANG_WARN_NON_LITERAL_NULL_CONVERSION = YES;
				CLANG_WARN_OBJC_IMPLICIT_RETAIN_SELF = YES;
				CLANG_WARN_OBJC_LITERAL_CONVERSION = YES;
				CLANG_WARN_OBJC_ROOT_CLASS = YES_ERROR;
				CLANG_WARN_QUOTED_INCLUDE_IN_FRAMEWORK_HEADER = YES;
				CLANG_WARN_RANGE_LOOP_ANALYSIS = YES;
				CLANG_WARN_STRICT_PROTOTYPES = YES;
				CLANG_WARN_SUSPICIOUS_MOVE = YES;
				CLANG_WARN_UNGUARDED_AVAILABILITY = YES_AGGRESSIVE;
				CLANG_WARN_UNREACHABLE_CODE = YES;
				CLANG_WARN__DUPLICATE_METHOD_MATCH = YES;
				COPY_PHASE_STRIP = NO;
				DEBUG_INFORMATION_FORMAT = dwarf;
				ENABLE_STRICT_OBJC_MSGSEND = YES;
				ENABLE_TESTABILITY = YES;
				ENABLE_USER_SCRIPT_SANDBOXING = YES;
				GCC_C_LANGUAGE_STANDARD = gnu11;
				GCC_DYNAMIC_NO_PIC = NO;
				GCC_NO_COMMON_BLOCKS = YES;
				GCC_OPTIMIZATION_LEVEL = 0;
				GCC_PREPROCESSOR_DEFINITIONS = (
					"DEBUG=1",
					"$(inherited)",
				);
				GCC_WARN_64_TO_32_BIT_CONVERSION = YES;
				GCC_WARN_ABOUT_RETURN_TYPE = YES_ERROR;
				GCC_WARN_UNDECLARED_SELECTOR = YES;
				GCC_WARN_UNINITIALIZED_AUTOS = YES_AGGRESSIVE;
				GCC_WARN_UNUSED_FUNCTION = YES;
				GCC_WARN_UNUSED_VARIABLE = YES;
				IPHONEOS_DEPLOYMENT_TARGET = 16.4;
				MTL_ENABLE_DEBUG_INFO = INCLUDE_SOURCE;
				MTL_FAST_MATH = YES;
				ONLY_ACTIVE_ARCH = YES;
				SDKROOT = iphoneos;
				SWIFT_ACTIVE_COMPILATION_CONDITIONS = DEBUG;
				SWIFT_OPTIMIZATION_LEVEL = "-Onone";
			};
			name = Debug;
		};
		BC73DB382AAC0A880094C471 /* Release */ = {
			isa = XCBuildConfiguration;
			buildSettings = {
				ALWAYS_SEARCH_USER_PATHS = NO;
				CLANG_ANALYZER_NONNULL = YES;
				CLANG_ANALYZER_NUMBER_OBJECT_CONVERSION = YES_AGGRESSIVE;
				CLANG_CXX_LANGUAGE_STANDARD = "gnu++20";
				CLANG_ENABLE_MODULES = YES;
				CLANG_ENABLE_OBJC_ARC = YES;
				CLANG_ENABLE_OBJC_WEAK = YES;
				CLANG_WARN_BLOCK_CAPTURE_AUTORELEASING = YES;
				CLANG_WARN_BOOL_CONVERSION = YES;
				CLANG_WARN_COMMA = YES;
				CLANG_WARN_CONSTANT_CONVERSION = YES;
				CLANG_WARN_DEPRECATED_OBJC_IMPLEMENTATIONS = YES;
				CLANG_WARN_DIRECT_OBJC_ISA_USAGE = YES_ERROR;
				CLANG_WARN_DOCUMENTATION_COMMENTS = YES;
				CLANG_WARN_EMPTY_BODY = YES;
				CLANG_WARN_ENUM_CONVERSION = YES;
				CLANG_WARN_INFINITE_RECURSION = YES;
				CLANG_WARN_INT_CONVERSION = YES;
				CLANG_WARN_NON_LITERAL_NULL_CONVERSION = YES;
				CLANG_WARN_OBJC_IMPLICIT_RETAIN_SELF = YES;
				CLANG_WARN_OBJC_LITERAL_CONVERSION = YES;
				CLANG_WARN_OBJC_ROOT_CLASS = YES_ERROR;
				CLANG_WARN_QUOTED_INCLUDE_IN_FRAMEWORK_HEADER = YES;
				CLANG_WARN_RANGE_LOOP_ANALYSIS = YES;
				CLANG_WARN_STRICT_PROTOTYPES = YES;
				CLANG_WARN_SUSPICIOUS_MOVE = YES;
				CLANG_WARN_UNGUARDED_AVAILABILITY = YES_AGGRESSIVE;
				CLANG_WARN_UNREACHABLE_CODE = YES;
				CLANG_WARN__DUPLICATE_METHOD_MATCH = YES;
				COPY_PHASE_STRIP = NO;
				DEBUG_INFORMATION_FORMAT = "dwarf-with-dsym";
				ENABLE_NS_ASSERTIONS = NO;
				ENABLE_STRICT_OBJC_MSGSEND = YES;
				ENABLE_USER_SCRIPT_SANDBOXING = YES;
				GCC_C_LANGUAGE_STANDARD = gnu11;
				GCC_NO_COMMON_BLOCKS = YES;
				GCC_WARN_64_TO_32_BIT_CONVERSION = YES;
				GCC_WARN_ABOUT_RETURN_TYPE = YES_ERROR;
				GCC_WARN_UNDECLARED_SELECTOR = YES;
				GCC_WARN_UNINITIALIZED_AUTOS = YES_AGGRESSIVE;
				GCC_WARN_UNUSED_FUNCTION = YES;
				GCC_WARN_UNUSED_VARIABLE = YES;
				IPHONEOS_DEPLOYMENT_TARGET = 16.4;
				MTL_ENABLE_DEBUG_INFO = NO;
				MTL_FAST_MATH = YES;
				SDKROOT = iphoneos;
				SWIFT_COMPILATION_MODE = wholemodule;
				SWIFT_OPTIMIZATION_LEVEL = "-O";
				VALIDATE_PRODUCT = YES;
			};
			name = Release;
		};
		BC73DB3A2AAC0A880094C471 /* Debug */ = {
			isa = XCBuildConfiguration;
			buildSettings = {
				ASSETCATALOG_COMPILER_APPICON_NAME = AppIcon;
				ASSETCATALOG_COMPILER_GLOBAL_ACCENT_COLOR_NAME = AccentColor;
				CODE_SIGN_STYLE = Automatic;
				CURRENT_PROJECT_VERSION = 1;
				DEVELOPMENT_ASSET_PATHS = "\"chatup/Preview Content\"";
				DEVELOPMENT_TEAM = UAZWRHLHBD;
				ENABLE_PREVIEWS = YES;
				GENERATE_INFOPLIST_FILE = YES;
				INFOPLIST_FILE = chatup/Info.plist;
				INFOPLIST_KEY_UIApplicationSceneManifest_Generation = YES;
				INFOPLIST_KEY_UIApplicationSupportsIndirectInputEvents = YES;
				INFOPLIST_KEY_UILaunchScreen_Generation = YES;
				INFOPLIST_KEY_UISupportedInterfaceOrientations_iPad = "UIInterfaceOrientationPortrait UIInterfaceOrientationPortraitUpsideDown UIInterfaceOrientationLandscapeLeft UIInterfaceOrientationLandscapeRight";
				INFOPLIST_KEY_UISupportedInterfaceOrientations_iPhone = "UIInterfaceOrientationPortrait UIInterfaceOrientationLandscapeLeft UIInterfaceOrientationLandscapeRight";
				LD_RUNPATH_SEARCH_PATHS = (
					"$(inherited)",
					"@executable_path/Frameworks",
				);
				MARKETING_VERSION = 1.0;
				PRODUCT_BUNDLE_IDENTIFIER = namaya.chatup;
				PRODUCT_NAME = "$(TARGET_NAME)";
				SWIFT_EMIT_LOC_STRINGS = YES;
				SWIFT_VERSION = 5.0;
				TARGETED_DEVICE_FAMILY = "1,2";
			};
			name = Debug;
		};
		BC73DB3B2AAC0A880094C471 /* Release */ = {
			isa = XCBuildConfiguration;
			buildSettings = {
				ASSETCATALOG_COMPILER_APPICON_NAME = AppIcon;
				ASSETCATALOG_COMPILER_GLOBAL_ACCENT_COLOR_NAME = AccentColor;
				CODE_SIGN_STYLE = Automatic;
				CURRENT_PROJECT_VERSION = 1;
				DEVELOPMENT_ASSET_PATHS = "\"chatup/Preview Content\"";
				DEVELOPMENT_TEAM = UAZWRHLHBD;
				ENABLE_PREVIEWS = YES;
				GENERATE_INFOPLIST_FILE = YES;
				INFOPLIST_FILE = chatup/Info.plist;
				INFOPLIST_KEY_UIApplicationSceneManifest_Generation = YES;
				INFOPLIST_KEY_UIApplicationSupportsIndirectInputEvents = YES;
				INFOPLIST_KEY_UILaunchScreen_Generation = YES;
				INFOPLIST_KEY_UISupportedInterfaceOrientations_iPad = "UIInterfaceOrientationPortrait UIInterfaceOrientationPortraitUpsideDown UIInterfaceOrientationLandscapeLeft UIInterfaceOrientationLandscapeRight";
				INFOPLIST_KEY_UISupportedInterfaceOrientations_iPhone = "UIInterfaceOrientationPortrait UIInterfaceOrientationLandscapeLeft UIInterfaceOrientationLandscapeRight";
				LD_RUNPATH_SEARCH_PATHS = (
					"$(inherited)",
					"@executable_path/Frameworks",
				);
				MARKETING_VERSION = 1.0;
				PRODUCT_BUNDLE_IDENTIFIER = namaya.chatup;
				PRODUCT_NAME = "$(TARGET_NAME)";
				SWIFT_EMIT_LOC_STRINGS = YES;
				SWIFT_VERSION = 5.0;
				TARGETED_DEVICE_FAMILY = "1,2";
			};
			name = Release;
		};
		BC73DB3D2AAC0A880094C471 /* Debug */ = {
			isa = XCBuildConfiguration;
			buildSettings = {
				ALWAYS_EMBED_SWIFT_STANDARD_LIBRARIES = YES;
				BUNDLE_LOADER = "$(TEST_HOST)";
				CODE_SIGN_STYLE = Automatic;
				CURRENT_PROJECT_VERSION = 1;
				DEVELOPMENT_TEAM = UAZWRHLHBD;
				GENERATE_INFOPLIST_FILE = YES;
				IPHONEOS_DEPLOYMENT_TARGET = 16.4;
				MARKETING_VERSION = 1.0;
				PRODUCT_BUNDLE_IDENTIFIER = namaya.chatupTests;
				PRODUCT_NAME = "$(TARGET_NAME)";
				SWIFT_EMIT_LOC_STRINGS = NO;
				SWIFT_VERSION = 5.0;
				TARGETED_DEVICE_FAMILY = "1,2";
				TEST_HOST = "$(BUILT_PRODUCTS_DIR)/chatup.app/$(BUNDLE_EXECUTABLE_FOLDER_PATH)/chatup";
			};
			name = Debug;
		};
		BC73DB3E2AAC0A880094C471 /* Release */ = {
			isa = XCBuildConfiguration;
			buildSettings = {
				ALWAYS_EMBED_SWIFT_STANDARD_LIBRARIES = YES;
				BUNDLE_LOADER = "$(TEST_HOST)";
				CODE_SIGN_STYLE = Automatic;
				CURRENT_PROJECT_VERSION = 1;
				DEVELOPMENT_TEAM = UAZWRHLHBD;
				GENERATE_INFOPLIST_FILE = YES;
				IPHONEOS_DEPLOYMENT_TARGET = 16.4;
				MARKETING_VERSION = 1.0;
				PRODUCT_BUNDLE_IDENTIFIER = namaya.chatupTests;
				PRODUCT_NAME = "$(TARGET_NAME)";
				SWIFT_EMIT_LOC_STRINGS = NO;
				SWIFT_VERSION = 5.0;
				TARGETED_DEVICE_FAMILY = "1,2";
				TEST_HOST = "$(BUILT_PRODUCTS_DIR)/chatup.app/$(BUNDLE_EXECUTABLE_FOLDER_PATH)/chatup";
			};
			name = Release;
		};
		BC73DB402AAC0A880094C471 /* Debug */ = {
			isa = XCBuildConfiguration;
			buildSettings = {
				ALWAYS_EMBED_SWIFT_STANDARD_LIBRARIES = YES;
				CODE_SIGN_STYLE = Automatic;
				CURRENT_PROJECT_VERSION = 1;
				DEVELOPMENT_TEAM = UAZWRHLHBD;
				GENERATE_INFOPLIST_FILE = YES;
				MARKETING_VERSION = 1.0;
				PRODUCT_BUNDLE_IDENTIFIER = namaya.chatupUITests;
				PRODUCT_NAME = "$(TARGET_NAME)";
				SWIFT_EMIT_LOC_STRINGS = NO;
				SWIFT_VERSION = 5.0;
				TARGETED_DEVICE_FAMILY = "1,2";
				TEST_TARGET_NAME = chatup;
			};
			name = Debug;
		};
		BC73DB412AAC0A880094C471 /* Release */ = {
			isa = XCBuildConfiguration;
			buildSettings = {
				ALWAYS_EMBED_SWIFT_STANDARD_LIBRARIES = YES;
				CODE_SIGN_STYLE = Automatic;
				CURRENT_PROJECT_VERSION = 1;
				DEVELOPMENT_TEAM = UAZWRHLHBD;
				GENERATE_INFOPLIST_FILE = YES;
				MARKETING_VERSION = 1.0;
				PRODUCT_BUNDLE_IDENTIFIER = namaya.chatupUITests;
				PRODUCT_NAME = "$(TARGET_NAME)";
				SWIFT_EMIT_LOC_STRINGS = NO;
				SWIFT_VERSION = 5.0;
				TARGETED_DEVICE_FAMILY = "1,2";
				TEST_TARGET_NAME = chatup;
			};
			name = Release;
		};
/* End XCBuildConfiguration section */

/* Begin XCConfigurationList section */
		BC73DB102AAC0A880094C471 /* Build configuration list for PBXProject "chatup" */ = {
			isa = XCConfigurationList;
			buildConfigurations = (
				BC73DB372AAC0A880094C471 /* Debug */,
				BC73DB382AAC0A880094C471 /* Release */,
			);
			defaultConfigurationIsVisible = 0;
			defaultConfigurationName = Release;
		};
		BC73DB392AAC0A880094C471 /* Build configuration list for PBXNativeTarget "chatup" */ = {
			isa = XCConfigurationList;
			buildConfigurations = (
				BC73DB3A2AAC0A880094C471 /* Debug */,
				BC73DB3B2AAC0A880094C471 /* Release */,
			);
			defaultConfigurationIsVisible = 0;
			defaultConfigurationName = Release;
		};
		BC73DB3C2AAC0A880094C471 /* Build configuration list for PBXNativeTarget "chatupTests" */ = {
			isa = XCConfigurationList;
			buildConfigurations = (
				BC73DB3D2AAC0A880094C471 /* Debug */,
				BC73DB3E2AAC0A880094C471 /* Release */,
			);
			defaultConfigurationIsVisible = 0;
			defaultConfigurationName = Release;
		};
		BC73DB3F2AAC0A880094C471 /* Build configuration list for PBXNativeTarget "chatupUITests" */ = {
			isa = XCConfigurationList;
			buildConfigurations = (
				BC73DB402AAC0A880094C471 /* Debug */,
				BC73DB412AAC0A880094C471 /* Release */,
			);
			defaultConfigurationIsVisible = 0;
			defaultConfigurationName = Release;
		};
/* End XCConfigurationList section */

/* Begin XCRemoteSwiftPackageReference section */
		BCC6A4562B6D4C04008F2CA7 /* XCRemoteSwiftPackageReference "grpc-swift" */ = {
			isa = XCRemoteSwiftPackageReference;
			repositoryURL = "https://github.com/grpc/grpc-swift";
			requirement = {
				kind = upToNextMajorVersion;
				minimumVersion = 1.21.0;
			};
		};
		BCD1DA632B6DFC7600CE261C /* XCRemoteSwiftPackageReference "firebase-ios-sdk" */ = {
			isa = XCRemoteSwiftPackageReference;
			repositoryURL = "https://github.com/firebase/firebase-ios-sdk";
			requirement = {
				kind = upToNextMajorVersion;
				minimumVersion = 10.20.0;
			};
		};
/* End XCRemoteSwiftPackageReference section */

/* Begin XCSwiftPackageProductDependency section */
		BCC6A4572B6D4C05008F2CA7 /* CGRPCZlib */ = {
			isa = XCSwiftPackageProductDependency;
			package = BCC6A4562B6D4C04008F2CA7 /* XCRemoteSwiftPackageReference "grpc-swift" */;
			productName = CGRPCZlib;
		};
		BCC6A4592B6D4C05008F2CA7 /* GRPC */ = {
			isa = XCSwiftPackageProductDependency;
			package = BCC6A4562B6D4C04008F2CA7 /* XCRemoteSwiftPackageReference "grpc-swift" */;
			productName = GRPC;
		};
		BCC6A45B2B6D4C05008F2CA7 /* GRPCReflectionService */ = {
			isa = XCSwiftPackageProductDependency;
			package = BCC6A4562B6D4C04008F2CA7 /* XCRemoteSwiftPackageReference "grpc-swift" */;
			productName = GRPCReflectionService;
		};
		BCC6A45D2B6D4C05008F2CA7 /* _GRPCCore */ = {
			isa = XCSwiftPackageProductDependency;
			package = BCC6A4562B6D4C04008F2CA7 /* XCRemoteSwiftPackageReference "grpc-swift" */;
			productName = _GRPCCore;
		};
		BCC6A45F2B6D4C05008F2CA7 /* protoc-gen-grpc-swift */ = {
			isa = XCSwiftPackageProductDependency;
			package = BCC6A4562B6D4C04008F2CA7 /* XCRemoteSwiftPackageReference "grpc-swift" */;
			productName = "protoc-gen-grpc-swift";
		};
		BCD1DA642B6DFC7600CE261C /* FirebaseAuth */ = {
			isa = XCSwiftPackageProductDependency;
			package = BCD1DA632B6DFC7600CE261C /* XCRemoteSwiftPackageReference "firebase-ios-sdk" */;
			productName = FirebaseAuth;
		};
/* End XCSwiftPackageProductDependency section */
	};
	rootObject = BC73DB0D2AAC0A880094C471 /* Project object */;
}
